
Microsoft Visual Studio Solution File, Format Version 12.00
# Visual Studio Version 17
VisualStudioVersion = 17.0.31903.59
MinimumVisualStudioVersion = 10.0.40219.1
Project("{FAE04EC0-301F-11D3-BF4B-00C04F79EFBC}") = "exercicio01", "exercicio01\exercicio01.csproj", "{CDDA9443-1656-4031-B4D4-8861ECA1506C}"
EndProject
Project("{FAE04EC0-301F-11D3-BF4B-00C04F79EFBC}") = "exercicio01.teste", "exercicio01.teste\exercicio01.teste.csproj", "{BE9D26B6-44B4-49D2-9B09-D0B810B25738}"
EndProject
Global
	GlobalSection(SolutionConfigurationPlatforms) = preSolution
		Debug|Any CPU = Debug|Any CPU
		Release|Any CPU = Release|Any CPU
	EndGlobalSection
	GlobalSection(SolutionProperties) = preSolution
		HideSolutionNode = FALSE
	EndGlobalSection
	GlobalSection(ProjectConfigurationPlatforms) = postSolution
		{CDDA9443-1656-4031-B4D4-8861ECA1506C}.Debug|Any CPU.ActiveCfg = Debug|Any CPU
		{CDDA9443-1656-4031-B4D4-8861ECA1506C}.Debug|Any CPU.Build.0 = Debug|Any CPU
		{CDDA9443-1656-4031-B4D4-8861ECA1506C}.Release|Any CPU.ActiveCfg = Release|Any CPU
		{CDDA9443-1656-4031-B4D4-8861ECA1506C}.Release|Any CPU.Build.0 = Release|Any CPU
		{BE9D26B6-44B4-49D2-9B09-D0B810B25738}.Debug|Any CPU.ActiveCfg = Debug|Any CPU
		{BE9D26B6-44B4-49D2-9B09-D0B810B25738}.Debug|Any CPU.Build.0 = Debug|Any CPU
		{BE9D26B6-44B4-49D2-9B09-D0B810B25738}.Release|Any CPU.ActiveCfg = Release|Any CPU
		{BE9D26B6-44B4-49D2-9B09-D0B810B25738}.Release|Any CPU.Build.0 = Release|Any CPU
	EndGlobalSection
EndGlobal
